
Microsoft Visual Studio Solution File, Format Version 12.00
# Visual Studio Version 16
VisualStudioVersion = 16.0.30621.155
MinimumVisualStudioVersion = 10.0.40219.1
Project("{9A19103F-16F7-4668-BE54-9A1E7A4F7556}") = "CurrencyExchange", "CurrencyExchange\CurrencyExchange.csproj", "{85E766CD-DF9B-46A8-920A-47B8EDFDCE0E}"
EndProject
Project("{9A19103F-16F7-4668-BE54-9A1E7A4F7556}") = "OAuth", "..\..\..\Downloads\New folder\OAuth.csproj", "{C25A59B2-4BEF-4B62-81E7-7EC458D75B86}"
EndProject
Global
	GlobalSection(SolutionConfigurationPlatforms) = preSolution
		Debug|Any CPU = Debug|Any CPU
		Release|Any CPU = Release|Any CPU
	EndGlobalSection
	GlobalSection(ProjectConfigurationPlatforms) = postSolution
		{85E766CD-DF9B-46A8-920A-47B8EDFDCE0E}.Debug|Any CPU.ActiveCfg = Debug|Any CPU
		{85E766CD-DF9B-46A8-920A-47B8EDFDCE0E}.Debug|Any CPU.Build.0 = Debug|Any CPU
		{85E766CD-DF9B-46A8-920A-47B8EDFDCE0E}.Release|Any CPU.ActiveCfg = Release|Any CPU
		{85E766CD-DF9B-46A8-920A-47B8EDFDCE0E}.Release|Any CPU.Build.0 = Release|Any CPU
		{C25A59B2-4BEF-4B62-81E7-7EC458D75B86}.Debug|Any CPU.ActiveCfg = Debug|Any CPU
		{C25A59B2-4BEF-4B62-81E7-7EC458D75B86}.Debug|Any CPU.Build.0 = Debug|Any CPU
		{C25A59B2-4BEF-4B62-81E7-7EC458D75B86}.Release|Any CPU.ActiveCfg = Release|Any CPU
		{C25A59B2-4BEF-4B62-81E7-7EC458D75B86}.Release|Any CPU.Build.0 = Release|Any CPU
	EndGlobalSection
	GlobalSection(SolutionProperties) = preSolution
		HideSolutionNode = FALSE
	EndGlobalSection
	GlobalSection(ExtensibilityGlobals) = postSolution
		SolutionGuid = {E3CDB5E3-1CB7-4351-AD0B-F32EFCC8B247}
	EndGlobalSection
EndGlobal
